PODS:
  - dchs_flutter_beacon (0.6.5):
    - Flutter
  - Flutter (1.0.0)
  - flutter_blue_plus_darwin (0.0.2):
    - Flutter
    - FlutterMacOS
  - geocoding_ios (1.0.5):
    - Flutter
  - geolocator_apple (1.2.0):
    - Flutter
    - FlutterMacOS
  - kakao_map_sdk (1.2.3):
    - Flutter
    - KakaoMapsSDK (= 2.12.10)
  - KakaoMapsSDK (2.12.10)
  - mobile_scanner (7.0.0):
    - Flutter
    - FlutterMacOS
  - network_info_plus (0.0.1):
    - Flutter
  - nfc_manager (0.0.1):
    - Flutter
  - package_info_plus (0.4.5):
    - Flutter
  - permission_handler_apple (9.3.0):
    - Flutter
  - shared_preferences_foundation (0.0.1):
    - Flutter
    - FlutterMacOS

DEPENDENCIES:
  - dchs_flutter_beacon (from `.symlinks/plugins/dchs_flutter_beacon/ios`)
  - Flutter (from `Flutter`)
  - flutter_blue_plus_darwin (from `.symlinks/plugins/flutter_blue_plus_darwin/darwin`)
  - geocoding_ios (from `.symlinks/plugins/geocoding_ios/ios`)
  - geolocator_apple (from `.symlinks/plugins/geolocator_apple/darwin`)
  - kakao_map_sdk (from `.symlinks/plugins/kakao_map_sdk/ios`)
  - mobile_scanner (from `.symlinks/plugins/mobile_scanner/darwin`)
  - network_info_plus (from `.symlinks/plugins/network_info_plus/ios`)
  - nfc_manager (from `.symlinks/plugins/nfc_manager/ios`)
  - package_info_plus (from `.symlinks/plugins/package_info_plus/ios`)
  - permission_handler_apple (from `.symlinks/plugins/permission_handler_apple/ios`)
  - shared_preferences_foundation (from `.symlinks/plugins/shared_preferences_foundation/darwin`)

SPEC REPOS:
  trunk:
    - KakaoMapsSDK

EXTERNAL SOURCES:
  dchs_flutter_beacon:
    :path: ".symlinks/plugins/dchs_flutter_beacon/ios"
  Flutter:
    :path: Flutter
  flutter_blue_plus_darwin:
    :path: ".symlinks/plugins/flutter_blue_plus_darwin/darwin"
  geocoding_ios:
    :path: ".symlinks/plugins/geocoding_ios/ios"
  geolocator_apple:
    :path: ".symlinks/plugins/geolocator_apple/darwin"
  kakao_map_sdk:
    :path: ".symlinks/plugins/kakao_map_sdk/ios"
  mobile_scanner:
    :path: ".symlinks/plugins/mobile_scanner/darwin"
  network_info_plus:
    :path: ".symlinks/plugins/network_info_plus/ios"
  nfc_manager:
    :path: ".symlinks/plugins/nfc_manager/ios"
  package_info_plus:
    :path: ".symlinks/plugins/package_info_plus/ios"
  permission_handler_apple:
    :path: ".symlinks/plugins/permission_handler_apple/ios"
  shared_preferences_foundation:
    :path: ".symlinks/plugins/shared_preferences_foundation/darwin"

SPEC CHECKSUMS:
  dchs_flutter_beacon: 88d72cc467de508d621e454ea66c6231d0897d4c
  Flutter: cabc95a1d2626b1b06e7179b784ebcf0c0cde467
  flutter_blue_plus_darwin: 20a08bfeaa0f7804d524858d3d8744bcc1b6dbc3
  geocoding_ios: 33776c9ebb98d037b5e025bb0e7537f6dd19646e
  geolocator_apple: ab36aa0e8b7d7a2d7639b3b4e48308394e8cef5e
  kakao_map_sdk: cbc70e71f9b6176e2ece211e920c5bca469bebff
  KakaoMapsSDK: 32040e6268df2447c3f56dc4acada339d8eb8f32
  mobile_scanner: 9157936403f5a0644ca3779a38ff8404c5434a93
  network_info_plus: cf61925ab5205dce05a4f0895989afdb6aade5fc
  nfc_manager: f6d5609c09b4640b914a3dc67479a2e392965fd0
  package_info_plus: af8e2ca6888548050f16fa2f1938db7b5a5df499
  permission_handler_apple: 4ed2196e43d0651e8ff7ca3483a069d469701f2d
  shared_preferences_foundation: 7036424c3d8ec98dfe75ff1667cb0cd531ec82bb

PODFILE CHECKSUM: fb4d4933d766fb2300e4dc23bfd248f21faf5972

COCOAPODS: 1.16.2
